// !$*UTF8*$!
{
    archiveVersion = 1;
    classes = {};
    objectVersion = 56;
    objects = {
        A00000000000000000000001 = {isa = PBXProject; attributes = {BuildIndependentTargetsInParallel = YES; LastUpgradeCheck = 1600; }; buildConfigurationList = C00000000000000000000001; compatibilityVersion = "Xcode 14.0"; developmentRegion = en; hasScannedForEncodings = 0; knownRegions = (en, Base); mainGroup = A00000000000000000000002; productRefGroup = A00000000000000000000003; projectDirPath = ""; projectRoot = ""; targets = (A00000000000000000000004, A00000000000000000000005); };
        A00000000000000000000002 = {isa = PBXGroup; children = (A00000000000000000000006, F00000000000000000000020, F00000000000000000000021, A00000000000000000000003); sourceTree = "<group>"; };
        A00000000000000000000003 = {isa = PBXGroup; children = (F00000000000000000000022, F00000000000000000000023); name = Products; sourceTree = "<group>"; };
        A00000000000000000000006 = {isa = PBXGroup; path = FinderGitHelper; sourceTree = "<group>"; children = (F00000000000000000000001, F00000000000000000000002, F00000000000000000000003, F00000000000000000000004, F00000000000000000000005, F00000000000000000000006, F00000000000000000000007, F00000000000000000000008, F00000000000000000000009, F00000000000000000000010, F00000000000000000000011, F00000000000000000000012, F00000000000000000000013, F00000000000000000000014, F00000000000000000000015, F00000000000000000000016, F00000000000000000000017); };
        A00000000000000000000004 = {isa = PBXNativeTarget; buildConfigurationList = C00000000000000000000002; buildPhases = (B00000000000000000000001, B00000000000000000000002, B00000000000000000000003); buildRules = (); dependencies = (); name = FinderGitHelper; productName = FinderGitHelper; productReference = F00000000000000000000022; productType = "com.apple.product-type.application"; };
        A00000000000000000000005 = {isa = PBXNativeTarget; buildConfigurationList = C00000000000000000000003; buildPhases = (B00000000000000000000004, B00000000000000000000005); buildRules = (); dependencies = (); name = FinderGitHelperTests; productName = FinderGitHelperTests; productReference = F00000000000000000000023; productType = "com.apple.product-type.bundle.unit-test"; };
        F00000000000000000000001 = {isa = PBXFileReference; lastKnownFileType = sourcecode.swift; path = FinderGitHelperApp.swift; sourceTree = "<group>"; };
        F00000000000000000000002 = {isa = PBXFileReference; lastKnownFileType = sourcecode.swift; path = Models/AppSettings.swift; sourceTree = "<group>"; };
        F00000000000000000000003 = {isa = PBXFileReference; lastKnownFileType = sourcecode.swift; path = Models/FinderPathResult.swift; sourceTree = "<group>"; };
        F00000000000000000000004 = {isa = PBXFileReference; lastKnownFileType = sourcecode.swift; path = Services/FinderService.swift; sourceTree = "<group>"; };
        F00000000000000000000005 = {isa = PBXFileReference; lastKnownFileType = sourcecode.swift; path = Services/GitService.swift; sourceTree = "<group>"; };
        F00000000000000000000006 = {isa = PBXFileReference; lastKnownFileType = sourcecode.swift; path = Services/ProcessRunner.swift; sourceTree = "<group>"; };
        F00000000000000000000007 = {isa = PBXFileReference; lastKnownFileType = sourcecode.swift; path = Services/ReadmeService.swift; sourceTree = "<group>"; };
        F00000000000000000000008 = {isa = PBXFileReference; lastKnownFileType = sourcecode.swift; path = Services/NotificationService.swift; sourceTree = "<group>"; };
        F00000000000000000000009 = {isa = PBXFileReference; lastKnownFileType = sourcecode.swift; path = "Utilities/DateFormatter+Extensions.swift"; sourceTree = "<group>"; };
        F00000000000000000000010 = {isa = PBXFileReference; lastKnownFileType = sourcecode.swift; path = ViewModels/MenuBarViewModel.swift; sourceTree = "<group>"; };
        F00000000000000000000011 = {isa = PBXFileReference; lastKnownFileType = sourcecode.swift; path = ViewModels/SettingsViewModel.swift; sourceTree = "<group>"; };
        F00000000000000000000012 = {isa = PBXFileReference; lastKnownFileType = sourcecode.swift; path = Views/MenuBarContentView.swift; sourceTree = "<group>"; };
        F00000000000000000000013 = {isa = PBXFileReference; lastKnownFileType = sourcecode.swift; path = Views/CommitMessageView.swift; sourceTree = "<group>"; };
        F00000000000000000000014 = {isa = PBXFileReference; lastKnownFileType = sourcecode.swift; path = Views/SettingsView.swift; sourceTree = "<group>"; };
        F00000000000000000000015 = {isa = PBXFileReference; lastKnownFileType = sourcecode.swift; path = Views/ErrorDetailsView.swift; sourceTree = "<group>"; };
        F00000000000000000000016 = {isa = PBXFileReference; lastKnownFileType = sourcecode.swift; path = StatusBarController.swift; sourceTree = "<group>"; };
        F00000000000000000000017 = {isa = PBXFileReference; lastKnownFileType = folder.assetcatalog; path = Assets.xcassets; sourceTree = "<group>"; };
        F00000000000000000000020 = {isa = PBXFileReference; lastKnownFileType = sourcecode.swift; path = FinderGitHelperTests/FinderGitHelperTests.swift; sourceTree = "<group>"; };
        F00000000000000000000021 = {isa = PBXFileReference; lastKnownFileType = text.plist.xml; path = Info.plist; sourceTree = "<group>"; };
        F00000000000000000000022 = {isa = PBXFileReference; explicitFileType = wrapper.application; path = FinderGitHelper.app; sourceTree = BUILT_PRODUCTS_DIR; };
        F00000000000000000000023 = {isa = PBXFileReference; explicitFileType = wrapper.cfbundle; path = FinderGitHelperTests.xctest; sourceTree = BUILT_PRODUCTS_DIR; };
        D00000000000000000000001 = {isa = PBXBuildFile; fileRef = F00000000000000000000001; };
        D00000000000000000000002 = {isa = PBXBuildFile; fileRef = F00000000000000000000002; };
        D00000000000000000000003 = {isa = PBXBuildFile; fileRef = F00000000000000000000003; };
        D00000000000000000000004 = {isa = PBXBuildFile; fileRef = F00000000000000000000004; };
        D00000000000000000000005 = {isa = PBXBuildFile; fileRef = F00000000000000000000005; };
        D00000000000000000000006 = {isa = PBXBuildFile; fileRef = F00000000000000000000006; };
        D00000000000000000000007 = {isa = PBXBuildFile; fileRef = F00000000000000000000007; };
        D00000000000000000000008 = {isa = PBXBuildFile; fileRef = F00000000000000000000008; };
        D00000000000000000000009 = {isa = PBXBuildFile; fileRef = F00000000000000000000009; };
        D00000000000000000000010 = {isa = PBXBuildFile; fileRef = F00000000000000000000010; };
        D00000000000000000000011 = {isa = PBXBuildFile; fileRef = F00000000000000000000011; };
        D00000000000000000000012 = {isa = PBXBuildFile; fileRef = F00000000000000000000012; };
        D00000000000000000000013 = {isa = PBXBuildFile; fileRef = F00000000000000000000013; };
        D00000000000000000000014 = {isa = PBXBuildFile; fileRef = F00000000000000000000014; };
        D00000000000000000000015 = {isa = PBXBuildFile; fileRef = F00000000000000000000015; };
        D00000000000000000000016 = {isa = PBXBuildFile; fileRef = F00000000000000000000016; };
        D00000000000000000000017 = {isa = PBXBuildFile; fileRef = F00000000000000000000017; };
        D00000000000000000000020 = {isa = PBXBuildFile; fileRef = F00000000000000000000020; };
        D00000000000000000000022 = {isa = PBXBuildFile; fileRef = F00000000000000000000002; };
        D00000000000000000000023 = {isa = PBXBuildFile; fileRef = F00000000000000000000003; };
        D00000000000000000000024 = {isa = PBXBuildFile; fileRef = F00000000000000000000004; };
        D00000000000000000000025 = {isa = PBXBuildFile; fileRef = F00000000000000000000005; };
        D00000000000000000000026 = {isa = PBXBuildFile; fileRef = F00000000000000000000006; };
        D00000000000000000000027 = {isa = PBXBuildFile; fileRef = F00000000000000000000007; };
        D00000000000000000000029 = {isa = PBXBuildFile; fileRef = F00000000000000000000009; };
        B00000000000000000000001 = {isa = PBXSourcesBuildPhase; buildActionMask = 2147483647; files = (D00000000000000000000001, D00000000000000000000002, D00000000000000000000003, D00000000000000000000004, D00000000000000000000005, D00000000000000000000006, D00000000000000000000007, D00000000000000000000008, D00000000000000000000009, D00000000000000000000010, D00000000000000000000011, D00000000000000000000012, D00000000000000000000013, D00000000000000000000014, D00000000000000000000015, D00000000000000000000016); runOnlyForDeploymentPostprocessing = 0; };
        B00000000000000000000002 = {isa = PBXFrameworksBuildPhase; buildActionMask = 2147483647; files = (); runOnlyForDeploymentPostprocessing = 0; };
        B00000000000000000000003 = {isa = PBXResourcesBuildPhase; buildActionMask = 2147483647; files = (D00000000000000000000017); runOnlyForDeploymentPostprocessing = 0; };
        B00000000000000000000004 = {isa = PBXSourcesBuildPhase; buildActionMask = 2147483647; files = (D00000000000000000000020, D00000000000000000000022, D00000000000000000000023, D00000000000000000000024, D00000000000000000000025, D00000000000000000000026, D00000000000000000000027, D00000000000000000000029); runOnlyForDeploymentPostprocessing = 0; };
        B00000000000000000000005 = {isa = PBXFrameworksBuildPhase; buildActionMask = 2147483647; files = (); runOnlyForDeploymentPostprocessing = 0; };
        C00000000000000000000001 = {isa = XCConfigurationList; buildConfigurations = (C00000000000000000000011, C00000000000000000000012); defaultConfigurationIsVisible = 0; defaultConfigurationName = Release; };
        C00000000000000000000002 = {isa = XCConfigurationList; buildConfigurations = (C00000000000000000000021, C00000000000000000000022); defaultConfigurationIsVisible = 0; defaultConfigurationName = Release; };
        C00000000000000000000003 = {isa = XCConfigurationList; buildConfigurations = (C00000000000000000000031, C00000000000000000000032); defaultConfigurationIsVisible = 0; defaultConfigurationName = Release; };
        C00000000000000000000011 = {isa = XCBuildConfiguration; name = Debug; buildSettings = {SDKROOT = macosx; MACOSX_DEPLOYMENT_TARGET = 12.0; SWIFT_VERSION = 5.0; CLANG_ENABLE_MODULES = YES; SWIFT_OPTIMIZATION_LEVEL = "-Onone"; DEBUG_INFORMATION_FORMAT = dwarf; ENABLE_TESTABILITY = YES; SWIFT_ACTIVE_COMPILATION_CONDITIONS = DEBUG; }; };
        C00000000000000000000012 = {isa = XCBuildConfiguration; name = Release; buildSettings = {SDKROOT = macosx; MACOSX_DEPLOYMENT_TARGET = 12.0; SWIFT_VERSION = 5.0; CLANG_ENABLE_MODULES = YES; SWIFT_COMPILATION_MODE = wholemodule; SWIFT_OPTIMIZATION_LEVEL = "-O"; DEBUG_INFORMATION_FORMAT = "dwarf-with-dsym"; }; };
        C00000000000000000000021 = {isa = XCBuildConfiguration; name = Debug; buildSettings = {PRODUCT_BUNDLE_IDENTIFIER = com.happatools.FinderGitHelper; PRODUCT_NAME = "$(TARGET_NAME)"; INFOPLIST_FILE = Info.plist; CODE_SIGN_STYLE = Manual; CODE_SIGN_IDENTITY = "-"; CODE_SIGN_ENTITLEMENTS = FinderGitHelper/FinderGitHelper.entitlements; ENABLE_HARDENED_RUNTIME = YES; ASSETCATALOG_COMPILER_APPICON_NAME = AppIcon; COMBINE_HIDPI_IMAGES = YES; LD_RUNPATH_SEARCH_PATHS = "$(inherited) @executable_path/../Frameworks"; }; };
        C00000000000000000000022 = {isa = XCBuildConfiguration; name = Release; buildSettings = {PRODUCT_BUNDLE_IDENTIFIER = com.happatools.FinderGitHelper; PRODUCT_NAME = "$(TARGET_NAME)"; INFOPLIST_FILE = Info.plist; CODE_SIGN_STYLE = Manual; CODE_SIGN_IDENTITY = "-"; CODE_SIGN_ENTITLEMENTS = FinderGitHelper/FinderGitHelper.entitlements; ENABLE_HARDENED_RUNTIME = YES; ASSETCATALOG_COMPILER_APPICON_NAME = AppIcon; COMBINE_HIDPI_IMAGES = YES; LD_RUNPATH_SEARCH_PATHS = "$(inherited) @executable_path/../Frameworks"; }; };
        C00000000000000000000031 = {isa = XCBuildConfiguration; name = Debug; buildSettings = {PRODUCT_BUNDLE_IDENTIFIER = com.happatools.FinderGitHelperTests; PRODUCT_NAME = "$(TARGET_NAME)"; GENERATE_INFOPLIST_FILE = YES; CODE_SIGN_IDENTITY = "-"; CODE_SIGN_STYLE = Manual; LD_RUNPATH_SEARCH_PATHS = "$(inherited) @loader_path/../Frameworks @executable_path/../Frameworks"; }; };
        C00000000000000000000032 = {isa = XCBuildConfiguration; name = Release; buildSettings = {PRODUCT_BUNDLE_IDENTIFIER = com.happatools.FinderGitHelperTests; PRODUCT_NAME = "$(TARGET_NAME)"; GENERATE_INFOPLIST_FILE = YES; CODE_SIGN_IDENTITY = "-"; CODE_SIGN_STYLE = Manual; LD_RUNPATH_SEARCH_PATHS = "$(inherited) @loader_path/../Frameworks @executable_path/../Frameworks"; }; };
    };
    rootObject = A00000000000000000000001;
}
